
Microsoft Visual Studio Solution File, Format Version 12.00
# Visual Studio Version 16
VisualStudioVersion = 16.0.31702.278
MinimumVisualStudioVersion = 10.0.40219.1
Project("{9A19103F-16F7-4668-BE54-9A1E7A4F7556}") = "laba1Sharp", "laba1Sharp\laba1Sharp.csproj", "{A05D4013-5442-4BD4-9669-757E75660AB9}"
EndProject
Project("{9A19103F-16F7-4668-BE54-9A1E7A4F7556}") = "Laba2", "Laba2\Laba2.csproj", "{48B6C544-569F-4329-B1F4-91D1BC813714}"
EndProject
Project("{9A19103F-16F7-4668-BE54-9A1E7A4F7556}") = "Laba3", "Laba3\Laba3.csproj", "{E9BC40EF-57B2-43B8-B8C2-8F7C22925B16}"
EndProject
Project("{9A19103F-16F7-4668-BE54-9A1E7A4F7556}") = "Lab4", "Lab4\Lab4.csproj", "{7CE1B7B5-B55D-4994-9587-3FD4623A94C8}"
EndProject
Project("{9A19103F-16F7-4668-BE54-9A1E7A4F7556}") = "Laba5", "Laba5\Laba5.csproj", "{B6DBA798-80B9-480B-823E-AB7438AEEBCC}"
EndProject
Project("{9A19103F-16F7-4668-BE54-9A1E7A4F7556}") = "Laba6", "Laba6\Laba6.csproj", "{BB2F4D65-6DCD-4669-BA99-100C95100878}"
EndProject
Project("{FAE04EC0-301F-11D3-BF4B-00C04F79EFBC}") = "Laba7", "Laba7\Laba7.csproj", "{752235A7-FD06-4DB5-99FF-A761416263B9}"
EndProject
Global
	GlobalSection(SolutionConfigurationPlatforms) = preSolution
		Debug|Any CPU = Debug|Any CPU
		Release|Any CPU = Release|Any CPU
	EndGlobalSection
	GlobalSection(ProjectConfigurationPlatforms) = postSolution
		{A05D4013-5442-4BD4-9669-757E75660AB9}.Debug|Any CPU.ActiveCfg = Debug|Any CPU
		{A05D4013-5442-4BD4-9669-757E75660AB9}.Debug|Any CPU.Build.0 = Debug|Any CPU
		{A05D4013-5442-4BD4-9669-757E75660AB9}.Release|Any CPU.ActiveCfg = Release|Any CPU
		{A05D4013-5442-4BD4-9669-757E75660AB9}.Release|Any CPU.Build.0 = Release|Any CPU
		{48B6C544-569F-4329-B1F4-91D1BC813714}.Debug|Any CPU.ActiveCfg = Debug|Any CPU
		{48B6C544-569F-4329-B1F4-91D1BC813714}.Debug|Any CPU.Build.0 = Debug|Any CPU
		{48B6C544-569F-4329-B1F4-91D1BC813714}.Release|Any CPU.ActiveCfg = Release|Any CPU
		{48B6C544-569F-4329-B1F4-91D1BC813714}.Release|Any CPU.Build.0 = Release|Any CPU
		{E9BC40EF-57B2-43B8-B8C2-8F7C22925B16}.Debug|Any CPU.ActiveCfg = Debug|Any CPU
		{E9BC40EF-57B2-43B8-B8C2-8F7C22925B16}.Debug|Any CPU.Build.0 = Debug|Any CPU
		{E9BC40EF-57B2-43B8-B8C2-8F7C22925B16}.Release|Any CPU.ActiveCfg = Release|Any CPU
		{E9BC40EF-57B2-43B8-B8C2-8F7C22925B16}.Release|Any CPU.Build.0 = Release|Any CPU
		{7CE1B7B5-B55D-4994-9587-3FD4623A94C8}.Debug|Any CPU.ActiveCfg = Debug|Any CPU
		{7CE1B7B5-B55D-4994-9587-3FD4623A94C8}.Debug|Any CPU.Build.0 = Debug|Any CPU
		{7CE1B7B5-B55D-4994-9587-3FD4623A94C8}.Release|Any CPU.ActiveCfg = Release|Any CPU
		{7CE1B7B5-B55D-4994-9587-3FD4623A94C8}.Release|Any CPU.Build.0 = Release|Any CPU
		{B6DBA798-80B9-480B-823E-AB7438AEEBCC}.Debug|Any CPU.ActiveCfg = Debug|Any CPU
		{B6DBA798-80B9-480B-823E-AB7438AEEBCC}.Debug|Any CPU.Build.0 = Debug|Any CPU
		{B6DBA798-80B9-480B-823E-AB7438AEEBCC}.Release|Any CPU.ActiveCfg = Release|Any CPU
		{B6DBA798-80B9-480B-823E-AB7438AEEBCC}.Release|Any CPU.Build.0 = Release|Any CPU
		{BB2F4D65-6DCD-4669-BA99-100C95100878}.Debug|Any CPU.ActiveCfg = Debug|Any CPU
		{BB2F4D65-6DCD-4669-BA99-100C95100878}.Debug|Any CPU.Build.0 = Debug|Any CPU
		{BB2F4D65-6DCD-4669-BA99-100C95100878}.Release|Any CPU.ActiveCfg = Release|Any CPU
		{BB2F4D65-6DCD-4669-BA99-100C95100878}.Release|Any CPU.Build.0 = Release|Any CPU
		{752235A7-FD06-4DB5-99FF-A761416263B9}.Debug|Any CPU.ActiveCfg = Debug|Any CPU
		{752235A7-FD06-4DB5-99FF-A761416263B9}.Debug|Any CPU.Build.0 = Debug|Any CPU
		{752235A7-FD06-4DB5-99FF-A761416263B9}.Release|Any CPU.ActiveCfg = Release|Any CPU
		{752235A7-FD06-4DB5-99FF-A761416263B9}.Release|Any CPU.Build.0 = Release|Any CPU
	EndGlobalSection
	GlobalSection(SolutionProperties) = preSolution
		HideSolutionNode = FALSE
	EndGlobalSection
	GlobalSection(ExtensibilityGlobals) = postSolution
		SolutionGuid = {CB5ABAD3-0359-4150-9546-71E55A35B56B}
	EndGlobalSection
EndGlobal
